
Microsoft Visual Studio Solution File, Format Version 12.00
# Visual Studio Version 17
VisualStudioVersion = 17.4.33213.308
MinimumVisualStudioVersion = 10.0.40219.1
Project("{FAE04EC0-301F-11D3-BF4B-00C04F79EFBC}") = "Demo", "Demo\Demo.csproj", "{E0608F03-E3B5-4EF6-A358-DBD84AB3AB9F}"
EndProject
Global
	GlobalSection(SolutionConfigurationPlatforms) = preSolution
		Debug|Any CPU = Debug|Any CPU
		Release|Any CPU = Release|Any CPU
	EndGlobalSection
	GlobalSection(ProjectConfigurationPlatforms) = postSolution
		{E0608F03-E3B5-4EF6-A358-DBD84AB3AB9F}.Debug|Any CPU.ActiveCfg = Debug|Any CPU
		{E0608F03-E3B5-4EF6-A358-DBD84AB3AB9F}.Debug|Any CPU.Build.0 = Debug|Any CPU
		{E0608F03-E3B5-4EF6-A358-DBD84AB3AB9F}.Release|Any CPU.ActiveCfg = Release|Any CPU
		{E0608F03-E3B5-4EF6-A358-DBD84AB3AB9F}.Release|Any CPU.Build.0 = Release|Any CPU
	EndGlobalSection
	GlobalSection(SolutionProperties) = preSolution
		HideSolutionNode = FALSE
	EndGlobalSection
	GlobalSection(ExtensibilityGlobals) = postSolution
		SolutionGuid = {8EBBAEBE-76B9-417B-AB29-2957C2E15AB1}
	EndGlobalSection
EndGlobal
